// !$*UTF8*$!
{
	archiveVersion = 1;
	classes = {
	};
	objectVersion = 51;
	objects = {

/* Begin PBXBuildFile section */
		6560A1DD2A013A4EDF0A9117 /* Pods_jasmeenTest.framework in Frameworks */ = {isa = PBXBuildFile; fileRef = 136C76C3E1C85A45BB571E51 /* Pods_jasmeenTest.framework */; };
		E142A1E926C1E4AF0047666C /* AppDelegate.swift in Sources */ = {isa = PBXBuildFile; fileRef = E142A1E826C1E4AF0047666C /* AppDelegate.swift */; };
		E142A1EB26C1E4AF0047666C /* SceneDelegate.swift in Sources */ = {isa = PBXBuildFile; fileRef = E142A1EA26C1E4AF0047666C /* SceneDelegate.swift */; };
		E142A1ED26C1E4AF0047666C /* ViewController.swift in Sources */ = {isa = PBXBuildFile; fileRef = E142A1EC26C1E4AF0047666C /* ViewController.swift */; };
		E142A1F026C1E4AF0047666C /* Main.storyboard in Resources */ = {isa = PBXBuildFile; fileRef = E142A1EE26C1E4AF0047666C /* Main.storyboard */; };
		E142A1F226C1E4B80047666C /* Assets.xcassets in Resources */ = {isa = PBXBuildFile; fileRef = E142A1F126C1E4B80047666C /* Assets.xcassets */; };
		E142A1F526C1E4B80047666C /* LaunchScreen.storyboard in Resources */ = {isa = PBXBuildFile; fileRef = E142A1F326C1E4B80047666C /* LaunchScreen.storyboard */; };
		E142A1FD26C1E57B0047666C /* DataSource.swift in Sources */ = {isa = PBXBuildFile; fileRef = E142A1FC26C1E57B0047666C /* DataSource.swift */; };
		E146B25426C1F471000494A4 /* myCell.swift in Sources */ = {isa = PBXBuildFile; fileRef = E146B25326C1F471000494A4 /* myCell.swift */; };
/* End PBXBuildFile section */

/* Begin PBXFileReference section */
		136C76C3E1C85A45BB571E51 /* Pods_jasmeenTest.framework */ = {isa = PBXFileReference; explicitFileType = wrapper.framework; includeInIndex = 0; path = Pods_jasmeenTest.framework; sourceTree = BUILT_PRODUCTS_DIR; };
		68AF7345F4CE2B936F54A569 /* Pods-jasmeenTest.debug.xcconfig */ = {isa = PBXFileReference; includeInIndex = 1; lastKnownFileType = text.xcconfig; name = "Pods-jasmeenTest.debug.xcconfig"; path = "Target Support Files/Pods-jasmeenTest/Pods-jasmeenTest.debug.xcconfig"; sourceTree = "<group>"; };
		C916C241991D6CFEC272A2D3 /* Pods-jasmeenTest.release.xcconfig */ = {isa = PBXFileReference; includeInIndex = 1; lastKnownFileType = text.xcconfig; name = "Pods-jasmeenTest.release.xcconfig"; path = "Target Support Files/Pods-jasmeenTest/Pods-jasmeenTest.release.xcconfig"; sourceTree = "<group>"; };
		E142A1E526C1E4AF0047666C /* jasmeenTest.app */ = {isa = PBXFileReference; explicitFileType = wrapper.application; includeInIndex = 0; path = jasmeenTest.app; sourceTree = BUILT_PRODUCTS_DIR; };
		E142A1E826C1E4AF0047666C /* AppDelegate.swift */ = {isa = PBXFileReference; lastKnownFileType = sourcecode.swift; path = AppDelegate.swift; sourceTree = "<group>"; };
		E142A1EA26C1E4AF0047666C /* SceneDelegate.swift */ = {isa = PBXFileReference; lastKnownFileType = sourcecode.swift; path = SceneDelegate.swift; sourceTree = "<group>"; };
		E142A1EC26C1E4AF0047666C /* ViewController.swift */ = {isa = PBXFileReference; lastKnownFileType = sourcecode.swift; path = ViewController.swift; sourceTree = "<group>"; };
		E142A1EF26C1E4AF0047666C /* Base */ = {isa = PBXFileReference; lastKnownFileType = file.storyboard; name = Base; path = Base.lproj/Main.storyboard; sourceTree = "<group>"; };
		E142A1F126C1E4B80047666C /* Assets.xcassets */ = {isa = PBXFileReference; lastKnownFileType = folder.assetcatalog; path = Assets.xcassets; sourceTree = "<group>"; };
		E142A1F426C1E4B80047666C /* Base */ = {isa = PBXFileReference; lastKnownFileType = file.storyboard; name = Base; path = Base.lproj/LaunchScreen.storyboard; sourceTree = "<group>"; };
		E142A1F626C1E4B80047666C /* Info.plist */ = {isa = PBXFileReference; lastKnownFileType = text.plist.xml; path = Info.plist; sourceTree = "<group>"; };
		E142A1FC26C1E57B0047666C /* DataSource.swift */ = {isa = PBXFileReference; lastKnownFileType = sourcecode.swift; path = DataSource.swift; sourceTree = "<group>"; };
		E146B25326C1F471000494A4 /* myCell.swift */ = {isa = PBXFileReference; lastKnownFileType = sourcecode.swift; path = myCell.swift; sourceTree = "<group>"; };
/* End PBXFileReference section */

/* Begin PBXFrameworksBuildPhase section */
		E142A1E226C1E4AF0047666C /* Frameworks */ = {
			isa = PBXFrameworksBuildPhase;
			buildActionMask = 2147483647;
			files = (
				6560A1DD2A013A4EDF0A9117 /* Pods_jasmeenTest.framework in Frameworks */,
			);
			runOnlyForDeploymentPostprocessing = 0;
		};
/* End PBXFrameworksBuildPhase section */

/* Begin PBXGroup section */
		BDFC2B58B06245EF5A6C9A34 /* Frameworks */ = {
			isa = PBXGroup;
			children = (
				136C76C3E1C85A45BB571E51 /* Pods_jasmeenTest.framework */,
			);
			name = Frameworks;
			sourceTree = "<group>";
		};
		CC62A33DA7E3EADC676B879D /* Pods */ = {
			isa = PBXGroup;
			children = (
				68AF7345F4CE2B936F54A569 /* Pods-jasmeenTest.debug.xcconfig */,
				C916C241991D6CFEC272A2D3 /* Pods-jasmeenTest.release.xcconfig */,
			);
			path = Pods;
			sourceTree = "<group>";
		};
		E142A1DC26C1E4AF0047666C = {
			isa = PBXGroup;
			children = (
				E142A1E726C1E4AF0047666C /* jasmeenTest */,
				E142A1E626C1E4AF0047666C /* Products */,
				CC62A33DA7E3EADC676B879D /* Pods */,
				BDFC2B58B06245EF5A6C9A34 /* Frameworks */,
			);
			sourceTree = "<group>";
		};
		E142A1E626C1E4AF0047666C /* Products */ = {
			isa = PBXGroup;
			children = (
				E142A1E526C1E4AF0047666C /* jasmeenTest.app */,
			);
			name = Products;
			sourceTree = "<group>";
		};
		E142A1E726C1E4AF0047666C /* jasmeenTest */ = {
			isa = PBXGroup;
			children = (
				E142A1E826C1E4AF0047666C /* AppDelegate.swift */,
				E142A1EA26C1E4AF0047666C /* SceneDelegate.swift */,
				E142A1EC26C1E4AF0047666C /* ViewController.swift */,
				E146B25326C1F471000494A4 /* myCell.swift */,
				E142A1EE26C1E4AF0047666C /* Main.storyboard */,
				E142A1F126C1E4B80047666C /* Assets.xcassets */,
				E142A1F326C1E4B80047666C /* LaunchScreen.storyboard */,
				E142A1F626C1E4B80047666C /* Info.plist */,
				E142A1FC26C1E57B0047666C /* DataSource.swift */,
			);
			path = jasmeenTest;
			sourceTree = "<group>";
		};
/* End PBXGroup section */

/* Begin PBXNativeTarget section */
		E142A1E426C1E4AF0047666C /* jasmeenTest */ = {
			isa = PBXNativeTarget;
			buildConfigurationList = E142A1F926C1E4B80047666C /* Build configuration list for PBXNativeTarget "jasmeenTest" */;
			buildPhases = (
				A4FAE37D153051021F35CEF3 /* [CP] Check Pods Manifest.lock */,
				E142A1E126C1E4AF0047666C /* Sources */,
				E142A1E226C1E4AF0047666C /* Frameworks */,
				E142A1E326C1E4AF0047666C /* Resources */,
				A34C3066CE5A03CEA5F65FC5 /* [CP] Embed Pods Frameworks */,
			);
			buildRules = (
			);
			dependencies = (
			);
			name = jasmeenTest;
			productName = jasmeenTest;
			productReference = E142A1E526C1E4AF0047666C /* jasmeenTest.app */;
			productType = "com.apple.product-type.application";
		};
/* End PBXNativeTarget section */

/* Begin PBXProject section */
		E142A1DD26C1E4AF0047666C /* Project object */ = {
			isa = PBXProject;
			attributes = {
				LastSwiftUpdateCheck = 1250;
				LastUpgradeCheck = 1250;
				TargetAttributes = {
					E142A1E426C1E4AF0047666C = {
						CreatedOnToolsVersion = 12.5.1;
					};
				};
			};
			buildConfigurationList = E142A1E026C1E4AF0047666C /* Build configuration list for PBXProject "jasmeenTest" */;
			compatibilityVersion = "Xcode 9.3";
			developmentRegion = en;
			hasScannedForEncodings = 0;
			knownRegions = (
				en,
				Base,
			);
			mainGroup = E142A1DC26C1E4AF0047666C;
			productRefGroup = E142A1E626C1E4AF0047666C /* Products */;
			projectDirPath = "";
			projectRoot = "";
			targets = (
				E142A1E426C1E4AF0047666C /* jasmeenTest */,
			);
		};
/* End PBXProject section */

/* Begin PBXResourcesBuildPhase section */
		E142A1E326C1E4AF0047666C /* Resources */ = {
			isa = PBXResourcesBuildPhase;
			buildActionMask = 2147483647;
			files = (
				E142A1F526C1E4B80047666C /* LaunchScreen.storyboard in Resources */,
				E142A1F226C1E4B80047666C /* Assets.xcassets in Resources */,
				E142A1F026C1E4AF0047666C /* Main.storyboard in Resources */,
			);
			runOnlyForDeploymentPostprocessing = 0;
		};
/* End PBXResourcesBuildPhase section */

/* Begin PBXShellScriptBuildPhase section */
		A34C3066CE5A03CEA5F65FC5 /* [CP] Embed Pods Frameworks */ = {
			isa = PBXShellScriptBuildPhase;
			buildActionMask = 2147483647;
			files = (
			);
			inputFileListPaths = (
				"${PODS_ROOT}/Target Support Files/Pods-jasmeenTest/Pods-jasmeenTest-frameworks-${CONFIGURATION}-input-files.xcfilelist",
			);
			name = "[CP] Embed Pods Frameworks";
			outputFileListPaths = (
				"${PODS_ROOT}/Target Support Files/Pods-jasmeenTest/Pods-jasmeenTest-frameworks-${CONFIGURATION}-output-files.xcfilelist",
			);
			runOnlyForDeploymentPostprocessing = 0;
			shellPath = /bin/sh;
			shellScript = "\"${PODS_ROOT}/Target Support Files/Pods-jasmeenTest/Pods-jasmeenTest-frameworks.sh\"\n";
			showEnvVarsInLog = 0;
		};
		A4FAE37D153051021F35CEF3 /* [CP] Check Pods Manifest.lock */ = {
			isa = PBXShellScriptBuildPhase;
			buildActionMask = 2147483647;
			files = (
			);
			inputFileListPaths = (
			);
			inputPaths = (
				"${PODS_PODFILE_DIR_PATH}/Podfile.lock",
				"${PODS_ROOT}/Manifest.lock",
			);
			name = "[CP] Check Pods Manifest.lock";
			outputFileListPaths = (
			);
			outputPaths = (
				"$(DERIVED_FILE_DIR)/Pods-jasmeenTest-checkManifestLockResult.txt",
			);
			runOnlyForDeploymentPostprocessing = 0;
			shellPath = /bin/sh;
			shellScript = "diff \"${PODS_PODFILE_DIR_PATH}/Podfile.lock\" \"${PODS_ROOT}/Manifest.lock\" > /dev/null\nif [ $? != 0 ] ; then\n    # print error to STDERR\n    echo \"error: The sandbox is not in sync with the Podfile.lock. Run 'pod install' or update your CocoaPods installation.\" >&2\n    exit 1\nfi\n# This output is used by Xcode 'outputs' to avoid re-running this script phase.\necho \"SUCCESS\" > \"${SCRIPT_OUTPUT_FILE_0}\"\n";
			showEnvVarsInLog = 0;
		};
/* End PBXShellScriptBuildPhase section */

/* Begin PBXSourcesBuildPhase section */
		E142A1E126C1E4AF0047666C /* Sources */ = {
			isa = PBXSourcesBuildPhase;
			buildActionMask = 2147483647;
			files = (
				E142A1ED26C1E4AF0047666C /* ViewController.swift in Sources */,
				E142A1E926C1E4AF0047666C /* AppDelegate.swift in Sources */,
				E146B25426C1F471000494A4 /* myCell.swift in Sources */,
				E142A1FD26C1E57B0047666C /* DataSource.swift in Sources */,
				E142A1EB26C1E4AF0047666C /* SceneDelegate.swift in Sources */,
			);
			runOnlyForDeploymentPostprocessing = 0;
		};
/* End PBXSourcesBuildPhase section */

/* Begin PBXVariantGroup section */
		E142A1EE26C1E4AF0047666C /* Main.storyboard */ = {
			isa = PBXVariantGroup;
			children = (
				E142A1EF26C1E4AF0047666C /* Base */,
			);
			name = Main.storyboard;
			sourceTree = "<group>";
		};
		E142A1F326C1E4B80047666C /* LaunchScreen.storyboard */ = {
			isa = PBXVariantGroup;
			children = (
				E142A1F426C1E4B80047666C /* Base */,
			);
			name = LaunchScreen.storyboard;
			sourceTree = "<group>";
		};
/* End PBXVariantGroup section */

/* Begin XCBuildConfiguration section */
		E142A1F726C1E4B80047666C /* Debug */ = {
			isa = XCBuildConfiguration;
			buildSettings = {
				ALWAYS_SEARCH_USER_PATHS = NO;
				CLANG_ANALYZER_NONNULL = YES;
				CLANG_ANALYZER_NUMBER_OBJECT_CONVERSION = YES_AGGRESSIVE;
				CLANG_CXX_LANGUAGE_STANDARD = "gnu++14";
				CLANG_CXX_LIBRARY = "libc++";
				CLANG_ENABLE_MODULES = YES;
				CLANG_ENABLE_OBJC_ARC = YES;
				CLANG_ENABLE_OBJC_WEAK = YES;
				CLANG_WARN_BLOCK_CAPTURE_AUTORELEASING = YES;
				CLANG_WARN_BOOL_CONVERSION = YES;
				CLANG_WARN_COMMA = YES;
				CLANG_WARN_CONSTANT_CONVERSION = YES;
				CLANG_WARN_DEPRECATED_OBJC_IMPLEMENTATIONS = YES;
				CLANG_WARN_DIRECT_OBJC_ISA_USAGE = YES_ERROR;
				CLANG_WARN_DOCUMENTATION_COMMENTS = YES;
				CLANG_WARN_EMPTY_BODY = YES;
				CLANG_WARN_ENUM_CONVERSION = YES;
				CLANG_WARN_INFINITE_RECURSION = YES;
				CLANG_WARN_INT_CONVERSION = YES;
				CLANG_WARN_NON_LITERAL_NULL_CONVERSION = YES;
				CLANG_WARN_OBJC_IMPLICIT_RETAIN_SELF = YES;
				CLANG_WARN_OBJC_LITERAL_CONVERSION = YES;
				CLANG_WARN_OBJC_ROOT_CLASS = YES_ERROR;
				CLANG_WARN_QUOTED_INCLUDE_IN_FRAMEWORK_HEADER = YES;
				CLANG_WARN_RANGE_LOOP_ANALYSIS = YES;
				CLANG_WARN_STRICT_PROTOTYPES = YES;
				CLANG_WARN_SUSPICIOUS_MOVE = YES;
				CLANG_WARN_UNGUARDED_AVAILABILITY = YES_AGGRESSIVE;
				CLANG_WARN_UNREACHABLE_CODE = YES;
				CLANG_WARN__DUPLICATE_METHOD_MATCH = YES;
				COPY_PHASE_STRIP = NO;
				DEBUG_INFORMATION_FORMAT = dwarf;
				ENABLE_STRICT_OBJC_MSGSEND = YES;
				ENABLE_TESTABILITY = YES;
				GCC_C_LANGUAGE_STANDARD = gnu11;
				GCC_DYNAMIC_NO_PIC = NO;
				GCC_NO_COMMON_BLOCKS = YES;
				GCC_OPTIMIZATION_LEVEL = 0;
				GCC_PREPROCESSOR_DEFINITIONS = (
					"DEBUG=1",
					"$(inherited)",
				);
				GCC_WARN_64_TO_32_BIT_CONVERSION = YES;
				GCC_WARN_ABOUT_RETURN_TYPE = YES_ERROR;
				GCC_WARN_UNDECLARED_SELECTOR = YES;
				GCC_WARN_UNINITIALIZED_AUTOS = YES_AGGRESSIVE;
				GCC_WARN_UNUSED_FUNCTION = YES;
				GCC_WARN_UNUSED_VARIABLE = YES;
				IPHONEOS_DEPLOYMENT_TARGET = 14.5;
				MTL_ENABLE_DEBUG_INFO = INCLUDE_SOURCE;
				MTL_FAST_MATH = YES;
				ONLY_ACTIVE_ARCH = YES;
				SDKROOT = iphoneos;
				SWIFT_ACTIVE_COMPILATION_CONDITIONS = DEBUG;
				SWIFT_OPTIMIZATION_LEVEL = "-Onone";
			};
			name = Debug;
		};
		E142A1F826C1E4B80047666C /* Release */ = {
			isa = XCBuildConfiguration;
			buildSettings = {
				ALWAYS_SEARCH_USER_PATHS = NO;
				CLANG_ANALYZER_NONNULL = YES;
				CLANG_ANALYZER_NUMBER_OBJECT_CONVERSION = YES_AGGRESSIVE;
				CLANG_CXX_LANGUAGE_STANDARD = "gnu++14";
				CLANG_CXX_LIBRARY = "libc++";
				CLANG_ENABLE_MODULES = YES;
				CLANG_ENABLE_OBJC_ARC = YES;
				CLANG_ENABLE_OBJC_WEAK = YES;
				CLANG_WARN_BLOCK_CAPTURE_AUTORELEASING = YES;
				CLANG_WARN_BOOL_CONVERSION = YES;
				CLANG_WARN_COMMA = YES;
				CLANG_WARN_CONSTANT_CONVERSION = YES;
				CLANG_WARN_DEPRECATED_OBJC_IMPLEMENTATIONS = YES;
				CLANG_WARN_DIRECT_OBJC_ISA_USAGE = YES_ERROR;
				CLANG_WARN_DOCUMENTATION_COMMENTS = YES;
				CLANG_WARN_EMPTY_BODY = YES;
				CLANG_WARN_ENUM_CONVERSION = YES;
				CLANG_WARN_INFINITE_RECURSION = YES;
				CLANG_WARN_INT_CONVERSION = YES;
				CLANG_WARN_NON_LITERAL_NULL_CONVERSION = YES;
				CLANG_WARN_OBJC_IMPLICIT_RETAIN_SELF = YES;
				CLANG_WARN_OBJC_LITERAL_CONVERSION = YES;
				CLANG_WARN_OBJC_ROOT_CLASS = YES_ERROR;
				CLANG_WARN_QUOTED_INCLUDE_IN_FRAMEWORK_HEADER = YES;
				CLANG_WARN_RANGE_LOOP_ANALYSIS = YES;
				CLANG_WARN_STRICT_PROTOTYPES = YES;
				CLANG_WARN_SUSPICIOUS_MOVE = YES;
				CLANG_WARN_UNGUARDED_AVAILABILITY = YES_AGGRESSIVE;
				CLANG_WARN_UNREACHABLE_CODE = YES;
				CLANG_WARN__DUPLICATE_METHOD_MATCH = YES;
				COPY_PHASE_STRIP = NO;
				DEBUG_INFORMATION_FORMAT = "dwarf-with-dsym";
				ENABLE_NS_ASSERTIONS = NO;
				ENABLE_STRICT_OBJC_MSGSEND = YES;
				GCC_C_LANGUAGE_STANDARD = gnu11;
				GCC_NO_COMMON_BLOCKS = YES;
				GCC_WARN_64_TO_32_BIT_CONVERSION = YES;
				GCC_WARN_ABOUT_RETURN_TYPE = YES_ERROR;
				GCC_WARN_UNDECLARED_SELECTOR = YES;
				GCC_WARN_UNINITIALIZED_AUTOS = YES_AGGRESSIVE;
				GCC_WARN_UNUSED_FUNCTION = YES;
				GCC_WARN_UNUSED_VARIABLE = YES;
				IPHONEOS_DEPLOYMENT_TARGET = 14.5;
				MTL_ENABLE_DEBUG_INFO = NO;
				MTL_FAST_MATH = YES;
				SDKROOT = iphoneos;
				SWIFT_COMPILATION_MODE = wholemodule;
				SWIFT_OPTIMIZATION_LEVEL = "-O";
				VALIDATE_PRODUCT = YES;
			};
			name = Release;
		};
		E142A1FA26C1E4B80047666C /* Debug */ = {
			isa = XCBuildConfiguration;
			baseConfigurationReference = 68AF7345F4CE2B936F54A569 /* Pods-jasmeenTest.debug.xcconfig */;
			buildSettings = {
				ASSETCATALOG_COMPILER_APPICON_NAME = AppIcon;
				ASSETCATALOG_COMPILER_GLOBAL_ACCENT_COLOR_NAME = AccentColor;
				CODE_SIGN_STYLE = Automatic;
				INFOPLIST_FILE = jasmeenTest/Info.plist;
				LD_RUNPATH_SEARCH_PATHS = (
					"$(inherited)",
					"@executable_path/Frameworks",
				);
				PRODUCT_BUNDLE_IDENTIFIER = com.jasmeen.jasmeenTest;
				PRODUCT_NAME = "$(TARGET_NAME)";
				SWIFT_VERSION = 5.0;
				TARGETED_DEVICE_FAMILY = "1,2";
			};
			name = Debug;
		};
		E142A1FB26C1E4B80047666C /* Release */ = {
			isa = XCBuildConfiguration;
			baseConfigurationReference = C916C241991D6CFEC272A2D3 /* Pods-jasmeenTest.release.xcconfig */;
			buildSettings = {
				ASSETCATALOG_COMPILER_APPICON_NAME = AppIcon;
				ASSETCATALOG_COMPILER_GLOBAL_ACCENT_COLOR_NAME = AccentColor;
				CODE_SIGN_STYLE = Automatic;
				INFOPLIST_FILE = jasmeenTest/Info.plist;
				LD_RUNPATH_SEARCH_PATHS = (
					"$(inherited)",
					"@executable_path/Frameworks",
				);
				PRODUCT_BUNDLE_IDENTIFIER = com.jasmeen.jasmeenTest;
				PRODUCT_NAME = "$(TARGET_NAME)";
				SWIFT_VERSION = 5.0;
				TARGETED_DEVICE_FAMILY = "1,2";
			};
			name = Release;
		};
/* End XCBuildConfiguration section */

/* Begin XCConfigurationList section */
		E142A1E026C1E4AF0047666C /* Build configuration list for PBXProject "jasmeenTest" */ = {
			isa = XCConfigurationList;
			buildConfigurations = (
				E142A1F726C1E4B80047666C /* Debug */,
				E142A1F826C1E4B80047666C /* Release */,
			);
			defaultConfigurationIsVisible = 0;
			defaultConfigurationName = Release;
		};
		E142A1F926C1E4B80047666C /* Build configuration list for PBXNativeTarget "jasmeenTest" */ = {
			isa = XCConfigurationList;
			buildConfigurations = (
				E142A1FA26C1E4B80047666C /* Debug */,
				E142A1FB26C1E4B80047666C /* Release */,
			);
			defaultConfigurationIsVisible = 0;
			defaultConfigurationName = Release;
		};
/* End XCConfigurationList section */
	};
	rootObject = E142A1DD26C1E4AF0047666C /* Project object */;
}
